
Microsoft Visual Studio Solution File, Format Version 12.00
# Visual Studio Version 16
VisualStudioVersion = 16.0.31129.286
MinimumVisualStudioVersion = 10.0.40219.1
Project("{FAE04EC0-301F-11D3-BF4B-00C04F79EFBC}") = "NthFibonacciNumber", "NthFibonacciNumber.csproj", "{F51E5B09-BCCF-44E3-8353-100EE930707B}"
EndProject
Global
	GlobalSection(SolutionConfigurationPlatforms) = preSolution
		Debug|Any CPU = Debug|Any CPU
		Release|Any CPU = Release|Any CPU
	EndGlobalSection
	GlobalSection(ProjectConfigurationPlatforms) = postSolution
		{F51E5B09-BCCF-44E3-8353-100EE930707B}.Debug|Any CPU.ActiveCfg = Debug|Any CPU
		{F51E5B09-BCCF-44E3-8353-100EE930707B}.Debug|Any CPU.Build.0 = Debug|Any CPU
		{F51E5B09-BCCF-44E3-8353-100EE930707B}.Release|Any CPU.ActiveCfg = Release|Any CPU
		{F51E5B09-BCCF-44E3-8353-100EE930707B}.Release|Any CPU.Build.0 = Release|Any CPU
	EndGlobalSection
	GlobalSection(SolutionProperties) = preSolution
		HideSolutionNode = FALSE
	EndGlobalSection
	GlobalSection(ExtensibilityGlobals) = postSolution
		SolutionGuid = {1255E9FF-CBB1-406A-A694-E0A2A7BB8DCF}
	EndGlobalSection
EndGlobal
