
Microsoft Visual Studio Solution File, Format Version 12.00
# Visual Studio Version 16
VisualStudioVersion = 16.0.31129.286
MinimumVisualStudioVersion = 10.0.40219.1
Project("{FAE04EC0-301F-11D3-BF4B-00C04F79EFBC}") = "PasswordValidation", "PasswordValidation.csproj", "{A42E26D9-C0E2-4E8B-BD7C-094023DE82FB}"
EndProject
Global
	GlobalSection(SolutionConfigurationPlatforms) = preSolution
		Debug|Any CPU = Debug|Any CPU
		Release|Any CPU = Release|Any CPU
	EndGlobalSection
	GlobalSection(ProjectConfigurationPlatforms) = postSolution
		{A42E26D9-C0E2-4E8B-BD7C-094023DE82FB}.Debug|Any CPU.ActiveCfg = Debug|Any CPU
		{A42E26D9-C0E2-4E8B-BD7C-094023DE82FB}.Debug|Any CPU.Build.0 = Debug|Any CPU
		{A42E26D9-C0E2-4E8B-BD7C-094023DE82FB}.Release|Any CPU.ActiveCfg = Release|Any CPU
		{A42E26D9-C0E2-4E8B-BD7C-094023DE82FB}.Release|Any CPU.Build.0 = Release|Any CPU
	EndGlobalSection
	GlobalSection(SolutionProperties) = preSolution
		HideSolutionNode = FALSE
	EndGlobalSection
	GlobalSection(ExtensibilityGlobals) = postSolution
		SolutionGuid = {FCF86D64-CCD9-45AE-AF46-831104595988}
	EndGlobalSection
EndGlobal
