
Microsoft Visual Studio Solution File, Format Version 12.00
# Visual Studio Version 16
VisualStudioVersion = 16.0.31129.286
MinimumVisualStudioVersion = 10.0.40219.1
Project("{FAE04EC0-301F-11D3-BF4B-00C04F79EFBC}") = "FizzBuzz", "FizzBuzz.csproj", "{F562A72B-328E-4EC0-87DC-437DADCDB682}"
EndProject
Global
	GlobalSection(SolutionConfigurationPlatforms) = preSolution
		Debug|Any CPU = Debug|Any CPU
		Release|Any CPU = Release|Any CPU
	EndGlobalSection
	GlobalSection(ProjectConfigurationPlatforms) = postSolution
		{F562A72B-328E-4EC0-87DC-437DADCDB682}.Debug|Any CPU.ActiveCfg = Debug|Any CPU
		{F562A72B-328E-4EC0-87DC-437DADCDB682}.Debug|Any CPU.Build.0 = Debug|Any CPU
		{F562A72B-328E-4EC0-87DC-437DADCDB682}.Release|Any CPU.ActiveCfg = Release|Any CPU
		{F562A72B-328E-4EC0-87DC-437DADCDB682}.Release|Any CPU.Build.0 = Release|Any CPU
	EndGlobalSection
	GlobalSection(SolutionProperties) = preSolution
		HideSolutionNode = FALSE
	EndGlobalSection
	GlobalSection(ExtensibilityGlobals) = postSolution
		SolutionGuid = {E23F35DD-1A66-43BD-9F9A-37441F75F00C}
	EndGlobalSection
EndGlobal
